
Microsoft Visual Studio Solution File, Format Version 12.00
# Visual Studio 15
VisualStudioVersion = 15.0.28307.438
MinimumVisualStudioVersion = 10.0.40219.1
Project("{9A19103F-16F7-4668-BE54-9A1E7A4F7556}") = "MathEngine.Core", "MathEngine.Core\MathEngine.Core.csproj", "{D453A97D-0D8D-433B-8B34-050EDBE07D76}"
EndProject
Project("{9A19103F-16F7-4668-BE54-9A1E7A4F7556}") = "MathEngine.Test", "MathEngine.Test\MathEngine.Test.csproj", "{969B3FE0-4371-44F2-8292-C83AADF7F50A}"
EndProject
Project("{2150E333-8FDC-42A3-9474-1A3956D46DE8}") = "Pipelines", "Pipelines", "{6F9016D3-DC05-431B-88BD-1A2C6D61548B}"
	ProjectSection(SolutionItems) = preProject
		Pipelines\CI-Develop-Pipeline.yaml = Pipelines\CI-Develop-Pipeline.yaml
	EndProjectSection
EndProject
Global
	GlobalSection(SolutionConfigurationPlatforms) = preSolution
		Debug|Any CPU = Debug|Any CPU
		Release|Any CPU = Release|Any CPU
	EndGlobalSection
	GlobalSection(ProjectConfigurationPlatforms) = postSolution
		{D453A97D-0D8D-433B-8B34-050EDBE07D76}.Debug|Any CPU.ActiveCfg = Debug|Any CPU
		{D453A97D-0D8D-433B-8B34-050EDBE07D76}.Debug|Any CPU.Build.0 = Debug|Any CPU
		{D453A97D-0D8D-433B-8B34-050EDBE07D76}.Release|Any CPU.ActiveCfg = Release|Any CPU
		{D453A97D-0D8D-433B-8B34-050EDBE07D76}.Release|Any CPU.Build.0 = Release|Any CPU
		{969B3FE0-4371-44F2-8292-C83AADF7F50A}.Debug|Any CPU.ActiveCfg = Debug|Any CPU
		{969B3FE0-4371-44F2-8292-C83AADF7F50A}.Debug|Any CPU.Build.0 = Debug|Any CPU
		{969B3FE0-4371-44F2-8292-C83AADF7F50A}.Release|Any CPU.ActiveCfg = Release|Any CPU
		{969B3FE0-4371-44F2-8292-C83AADF7F50A}.Release|Any CPU.Build.0 = Release|Any CPU
	EndGlobalSection
	GlobalSection(SolutionProperties) = preSolution
		HideSolutionNode = FALSE
	EndGlobalSection
	GlobalSection(ExtensibilityGlobals) = postSolution
		SolutionGuid = {54C5DB40-FD50-473C-A7C9-5910F777ED94}
	EndGlobalSection
EndGlobal
